
Microsoft Visual Studio Solution File, Format Version 12.00
# Visual Studio 15
VisualStudioVersion = 15.0.26730.12
MinimumVisualStudioVersion = 10.0.40219.1
Project("{FAE04EC0-301F-11D3-BF4B-00C04F79EFBC}") = "RegistrationApp", "RegistrationApp\RegistrationApp.csproj", "{30B40BAE-D5C8-48E1-835F-80FD7A333499}"
EndProject
Global
	GlobalSection(SolutionConfigurationPlatforms) = preSolution
		Debug|Any CPU = Debug|Any CPU
		Release|Any CPU = Release|Any CPU
	EndGlobalSection
	GlobalSection(ProjectConfigurationPlatforms) = postSolution
		{30B40BAE-D5C8-48E1-835F-80FD7A333499}.Debug|Any CPU.ActiveCfg = Debug|Any CPU
		{30B40BAE-D5C8-48E1-835F-80FD7A333499}.Debug|Any CPU.Build.0 = Debug|Any CPU
		{30B40BAE-D5C8-48E1-835F-80FD7A333499}.Release|Any CPU.ActiveCfg = Release|Any CPU
		{30B40BAE-D5C8-48E1-835F-80FD7A333499}.Release|Any CPU.Build.0 = Release|Any CPU
	EndGlobalSection
	GlobalSection(SolutionProperties) = preSolution
		HideSolutionNode = FALSE
	EndGlobalSection
	GlobalSection(ExtensibilityGlobals) = postSolution
		SolutionGuid = {83E2337B-8C83-41E2-9FEE-98346E44310A}
	EndGlobalSection
EndGlobal
