
Microsoft Visual Studio Solution File, Format Version 12.00
# Visual Studio 15
VisualStudioVersion = 15.0.26730.12
MinimumVisualStudioVersion = 10.0.40219.1
Project("{FAE04EC0-301F-11D3-BF4B-00C04F79EFBC}") = "UrlShortener", "UrlShortener\UrlShortener.csproj", "{6CCD4726-9D70-44E6-8DD4-2F4DA5A6B5F2}"
EndProject
Global
	GlobalSection(SolutionConfigurationPlatforms) = preSolution
		Debug|Any CPU = Debug|Any CPU
		Release|Any CPU = Release|Any CPU
	EndGlobalSection
	GlobalSection(ProjectConfigurationPlatforms) = postSolution
		{6CCD4726-9D70-44E6-8DD4-2F4DA5A6B5F2}.Debug|Any CPU.ActiveCfg = Debug|Any CPU
		{6CCD4726-9D70-44E6-8DD4-2F4DA5A6B5F2}.Debug|Any CPU.Build.0 = Debug|Any CPU
		{6CCD4726-9D70-44E6-8DD4-2F4DA5A6B5F2}.Release|Any CPU.ActiveCfg = Release|Any CPU
		{6CCD4726-9D70-44E6-8DD4-2F4DA5A6B5F2}.Release|Any CPU.Build.0 = Release|Any CPU
	EndGlobalSection
	GlobalSection(SolutionProperties) = preSolution
		HideSolutionNode = FALSE
	EndGlobalSection
	GlobalSection(ExtensibilityGlobals) = postSolution
		SolutionGuid = {B053B591-ED4D-478F-A79D-2882E42F885E}
	EndGlobalSection
EndGlobal
